// !$*UTF8*$!
{
	archiveVersion = 1;
	classes = {
	};
	objectVersion = 50;
	objects = {

/* Begin PBXBuildFile section */
		0288D05020A468FC00110B48 /* Coordinator.swift in Sources */ = {isa = PBXBuildFile; fileRef = 0288D04F20A468FC00110B48 /* Coordinator.swift */; };
		0288D05320A4694400110B48 /* AppCoordinator.swift in Sources */ = {isa = PBXBuildFile; fileRef = 0288D05220A4694400110B48 /* AppCoordinator.swift */; };
		0288D05520A46B2700110B48 /* UserHomeControllerViewModel.swift in Sources */ = {isa = PBXBuildFile; fileRef = 0288D05420A46B2700110B48 /* UserHomeControllerViewModel.swift */; };
		0288D05720A46DC400110B48 /* CurrentUser.swift in Sources */ = {isa = PBXBuildFile; fileRef = 0288D05620A46DC400110B48 /* CurrentUser.swift */; };
		0288D05920A46FBC00110B48 /* OtherUser.swift in Sources */ = {isa = PBXBuildFile; fileRef = 0288D05820A46FBC00110B48 /* OtherUser.swift */; };
		0288D05B20A4774E00110B48 /* SearchQueryUser.swift in Sources */ = {isa = PBXBuildFile; fileRef = 0288D05A20A4774E00110B48 /* SearchQueryUser.swift */; };
		0288D06220A4817900110B48 /* TabIndicatorView.swift in Sources */ = {isa = PBXBuildFile; fileRef = 0288D06120A4817900110B48 /* TabIndicatorView.swift */; };
		028E9DDB20A1F417007C244C /* AppDelegate.swift in Sources */ = {isa = PBXBuildFile; fileRef = 028E9DDA20A1F417007C244C /* AppDelegate.swift */; };
		028E9DDD20A1F417007C244C /* UserHomeController.swift in Sources */ = {isa = PBXBuildFile; fileRef = 028E9DDC20A1F417007C244C /* UserHomeController.swift */; };
		028E9DE220A1F419007C244C /* Assets.xcassets in Resources */ = {isa = PBXBuildFile; fileRef = 028E9DE120A1F419007C244C /* Assets.xcassets */; };
		028E9DE520A1F419007C244C /* LaunchScreen.storyboard in Resources */ = {isa = PBXBuildFile; fileRef = 028E9DE320A1F419007C244C /* LaunchScreen.storyboard */; };
		02F23B4720A1FA1800754EBC /* user_search.json in Resources */ = {isa = PBXBuildFile; fileRef = 02F23B4420A1FA1700754EBC /* user_search.json */; };
		02F23B4820A1FA1800754EBC /* user_profile.json in Resources */ = {isa = PBXBuildFile; fileRef = 02F23B4520A1FA1800754EBC /* user_profile.json */; };
		02F23B4920A1FA1800754EBC /* other_user_profile.json in Resources */ = {isa = PBXBuildFile; fileRef = 02F23B4620A1FA1800754EBC /* other_user_profile.json */; };
		801C0D619D7CB071506EE70B /* Pods_DengunTestTask.framework in Frameworks */ = {isa = PBXBuildFile; fileRef = 4C2D899A36562B401B769BBA /* Pods_DengunTestTask.framework */; };
/* End PBXBuildFile section */

/* Begin PBXFileReference section */
		0288D04F20A468FC00110B48 /* Coordinator.swift */ = {isa = PBXFileReference; lastKnownFileType = sourcecode.swift; path = Coordinator.swift; sourceTree = "<group>"; };
		0288D05220A4694400110B48 /* AppCoordinator.swift */ = {isa = PBXFileReference; lastKnownFileType = sourcecode.swift; path = AppCoordinator.swift; sourceTree = "<group>"; };
		0288D05420A46B2700110B48 /* UserHomeControllerViewModel.swift */ = {isa = PBXFileReference; lastKnownFileType = sourcecode.swift; path = UserHomeControllerViewModel.swift; sourceTree = "<group>"; };
		0288D05620A46DC400110B48 /* CurrentUser.swift */ = {isa = PBXFileReference; lastKnownFileType = sourcecode.swift; path = CurrentUser.swift; sourceTree = "<group>"; };
		0288D05820A46FBC00110B48 /* OtherUser.swift */ = {isa = PBXFileReference; lastKnownFileType = sourcecode.swift; path = OtherUser.swift; sourceTree = "<group>"; };
		0288D05A20A4774E00110B48 /* SearchQueryUser.swift */ = {isa = PBXFileReference; lastKnownFileType = sourcecode.swift; path = SearchQueryUser.swift; sourceTree = "<group>"; };
		0288D06120A4817900110B48 /* TabIndicatorView.swift */ = {isa = PBXFileReference; lastKnownFileType = sourcecode.swift; path = TabIndicatorView.swift; sourceTree = "<group>"; };
		028E9DD720A1F417007C244C /* DengunTestTask.app */ = {isa = PBXFileReference; explicitFileType = wrapper.application; includeInIndex = 0; path = DengunTestTask.app; sourceTree = BUILT_PRODUCTS_DIR; };
		028E9DDA20A1F417007C244C /* AppDelegate.swift */ = {isa = PBXFileReference; lastKnownFileType = sourcecode.swift; path = AppDelegate.swift; sourceTree = "<group>"; };
		028E9DDC20A1F417007C244C /* UserHomeController.swift */ = {isa = PBXFileReference; lastKnownFileType = sourcecode.swift; path = UserHomeController.swift; sourceTree = "<group>"; };
		028E9DE120A1F419007C244C /* Assets.xcassets */ = {isa = PBXFileReference; lastKnownFileType = folder.assetcatalog; path = Assets.xcassets; sourceTree = "<group>"; };
		028E9DE420A1F419007C244C /* Base */ = {isa = PBXFileReference; lastKnownFileType = file.storyboard; name = Base; path = Base.lproj/LaunchScreen.storyboard; sourceTree = "<group>"; };
		028E9DE620A1F419007C244C /* Info.plist */ = {isa = PBXFileReference; lastKnownFileType = text.plist.xml; path = Info.plist; sourceTree = "<group>"; };
		02F23B4420A1FA1700754EBC /* user_search.json */ = {isa = PBXFileReference; fileEncoding = 4; lastKnownFileType = text.json; path = user_search.json; sourceTree = "<group>"; };
		02F23B4520A1FA1800754EBC /* user_profile.json */ = {isa = PBXFileReference; fileEncoding = 4; lastKnownFileType = text.json; path = user_profile.json; sourceTree = "<group>"; };
		02F23B4620A1FA1800754EBC /* other_user_profile.json */ = {isa = PBXFileReference; fileEncoding = 4; lastKnownFileType = text.json; path = other_user_profile.json; sourceTree = "<group>"; };
		3F114B4F123FBE86F5B49BA0 /* Pods-DengunTestTask.release.xcconfig */ = {isa = PBXFileReference; includeInIndex = 1; lastKnownFileType = text.xcconfig; name = "Pods-DengunTestTask.release.xcconfig"; path = "Pods/Target Support Files/Pods-DengunTestTask/Pods-DengunTestTask.release.xcconfig"; sourceTree = "<group>"; };
		4C2D899A36562B401B769BBA /* Pods_DengunTestTask.framework */ = {isa = PBXFileReference; explicitFileType = wrapper.framework; includeInIndex = 0; path = Pods_DengunTestTask.framework; sourceTree = BUILT_PRODUCTS_DIR; };
		9B389A6DFC6FD405A1CE4763 /* Pods-DengunTestTask.debug.xcconfig */ = {isa = PBXFileReference; includeInIndex = 1; lastKnownFileType = text.xcconfig; name = "Pods-DengunTestTask.debug.xcconfig"; path = "Pods/Target Support Files/Pods-DengunTestTask/Pods-DengunTestTask.debug.xcconfig"; sourceTree = "<group>"; };
/* End PBXFileReference section */

/* Begin PBXFrameworksBuildPhase section */
		028E9DD420A1F417007C244C /* Frameworks */ = {
			isa = PBXFrameworksBuildPhase;
			buildActionMask = 2147483647;
			files = (
				801C0D619D7CB071506EE70B /* Pods_DengunTestTask.framework in Frameworks */,
			);
			runOnlyForDeploymentPostprocessing = 0;
		};
/* End PBXFrameworksBuildPhase section */

/* Begin PBXGroup section */
		0288D05120A4693500110B48 /* Coordinators */ = {
			isa = PBXGroup;
			children = (
				0288D04F20A468FC00110B48 /* Coordinator.swift */,
				0288D05220A4694400110B48 /* AppCoordinator.swift */,
			);
			path = Coordinators;
			sourceTree = "<group>";
		};
		0288D05C20A4785900110B48 /* Models */ = {
			isa = PBXGroup;
			children = (
				0288D05620A46DC400110B48 /* CurrentUser.swift */,
				0288D05820A46FBC00110B48 /* OtherUser.swift */,
				0288D05A20A4774E00110B48 /* SearchQueryUser.swift */,
			);
			path = Models;
			sourceTree = "<group>";
		};
		0288D05D20A4786200110B48 /* ViewModels */ = {
			isa = PBXGroup;
			children = (
				0288D05420A46B2700110B48 /* UserHomeControllerViewModel.swift */,
			);
			path = ViewModels;
			sourceTree = "<group>";
		};
		0288D05E20A4786C00110B48 /* Controllers */ = {
			isa = PBXGroup;
			children = (
				028E9DDC20A1F417007C244C /* UserHomeController.swift */,
			);
			path = Controllers;
			sourceTree = "<group>";
		};
		0288D06320A4817E00110B48 /* Views */ = {
			isa = PBXGroup;
			children = (
				0288D06120A4817900110B48 /* TabIndicatorView.swift */,
			);
			path = Views;
			sourceTree = "<group>";
		};
		0288D06420A4818A00110B48 /* Support Files */ = {
			isa = PBXGroup;
			children = (
				02F23B4320A1F9F600754EBC /* Stubbed responses */,
				028E9DDA20A1F417007C244C /* AppDelegate.swift */,
			);
			path = "Support Files";
			sourceTree = "<group>";
		};
		028E9DCE20A1F417007C244C = {
			isa = PBXGroup;
			children = (
				028E9DD920A1F417007C244C /* DengunTestTask */,
				028E9DD820A1F417007C244C /* Products */,
				73F788989AAEFCFFC929BB54 /* Pods */,
				EADF77ACB42A617D3CD297DC /* Frameworks */,
			);
			sourceTree = "<group>";
		};
		028E9DD820A1F417007C244C /* Products */ = {
			isa = PBXGroup;
			children = (
				028E9DD720A1F417007C244C /* DengunTestTask.app */,
			);
			name = Products;
			sourceTree = "<group>";
		};
		028E9DD920A1F417007C244C /* DengunTestTask */ = {
			isa = PBXGroup;
			children = (
				0288D06420A4818A00110B48 /* Support Files */,
				0288D05120A4693500110B48 /* Coordinators */,
				0288D05E20A4786C00110B48 /* Controllers */,
				0288D05D20A4786200110B48 /* ViewModels */,
				0288D05C20A4785900110B48 /* Models */,
				0288D06320A4817E00110B48 /* Views */,
				028E9DE120A1F419007C244C /* Assets.xcassets */,
				028E9DE320A1F419007C244C /* LaunchScreen.storyboard */,
				028E9DE620A1F419007C244C /* Info.plist */,
			);
			path = DengunTestTask;
			sourceTree = "<group>";
		};
		02F23B4320A1F9F600754EBC /* Stubbed responses */ = {
			isa = PBXGroup;
			children = (
				02F23B4620A1FA1800754EBC /* other_user_profile.json */,
				02F23B4520A1FA1800754EBC /* user_profile.json */,
				02F23B4420A1FA1700754EBC /* user_search.json */,
			);
			path = "Stubbed responses";
			sourceTree = "<group>";
		};
		73F788989AAEFCFFC929BB54 /* Pods */ = {
			isa = PBXGroup;
			children = (
				9B389A6DFC6FD405A1CE4763 /* Pods-DengunTestTask.debug.xcconfig */,
				3F114B4F123FBE86F5B49BA0 /* Pods-DengunTestTask.release.xcconfig */,
			);
			name = Pods;
			sourceTree = "<group>";
		};
		EADF77ACB42A617D3CD297DC /* Frameworks */ = {
			isa = PBXGroup;
			children = (
				4C2D899A36562B401B769BBA /* Pods_DengunTestTask.framework */,
			);
			name = Frameworks;
			sourceTree = "<group>";
		};
/* End PBXGroup section */

/* Begin PBXNativeTarget section */
		028E9DD620A1F417007C244C /* DengunTestTask */ = {
			isa = PBXNativeTarget;
			buildConfigurationList = 028E9DE920A1F419007C244C /* Build configuration list for PBXNativeTarget "DengunTestTask" */;
			buildPhases = (
				7CCB02B7F30ACFA42E9B1273 /* [CP] Check Pods Manifest.lock */,
				028E9DD320A1F417007C244C /* Sources */,
				028E9DD420A1F417007C244C /* Frameworks */,
				028E9DD520A1F417007C244C /* Resources */,
				B1E62DC31F567493ACD304FB /* [CP] Embed Pods Frameworks */,
				0288D06520A493B800110B48 /* ShellScript */,
			);
			buildRules = (
			);
			dependencies = (
			);
			name = DengunTestTask;
			productName = DengunTestTask;
			productReference = 028E9DD720A1F417007C244C /* DengunTestTask.app */;
			productType = "com.apple.product-type.application";
		};
/* End PBXNativeTarget section */

/* Begin PBXProject section */
		028E9DCF20A1F417007C244C /* Project object */ = {
			isa = PBXProject;
			attributes = {
				LastSwiftUpdateCheck = 0930;
				LastUpgradeCheck = 0930;
				ORGANIZATIONNAME = "Alexey Savchenko";
				TargetAttributes = {
					028E9DD620A1F417007C244C = {
						CreatedOnToolsVersion = 9.3;
					};
				};
			};
			buildConfigurationList = 028E9DD220A1F417007C244C /* Build configuration list for PBXProject "DengunTestTask" */;
			compatibilityVersion = "Xcode 9.3";
			developmentRegion = en;
			hasScannedForEncodings = 0;
			knownRegions = (
				en,
				Base,
			);
			mainGroup = 028E9DCE20A1F417007C244C;
			productRefGroup = 028E9DD820A1F417007C244C /* Products */;
			projectDirPath = "";
			projectRoot = "";
			targets = (
				028E9DD620A1F417007C244C /* DengunTestTask */,
			);
		};
/* End PBXProject section */

/* Begin PBXResourcesBuildPhase section */
		028E9DD520A1F417007C244C /* Resources */ = {
			isa = PBXResourcesBuildPhase;
			buildActionMask = 2147483647;
			files = (
				02F23B4820A1FA1800754EBC /* user_profile.json in Resources */,
				02F23B4720A1FA1800754EBC /* user_search.json in Resources */,
				02F23B4920A1FA1800754EBC /* other_user_profile.json in Resources */,
				028E9DE520A1F419007C244C /* LaunchScreen.storyboard in Resources */,
				028E9DE220A1F419007C244C /* Assets.xcassets in Resources */,
			);
			runOnlyForDeploymentPostprocessing = 0;
		};
/* End PBXResourcesBuildPhase section */

/* Begin PBXShellScriptBuildPhase section */
		0288D06520A493B800110B48 /* ShellScript */ = {
			isa = PBXShellScriptBuildPhase;
			buildActionMask = 2147483647;
			files = (
			);
			inputPaths = (
			);
			outputPaths = (
			);
			runOnlyForDeploymentPostprocessing = 0;
			shellPath = /bin/sh;
			shellScript = "TAGS=\"TODO:|FIXME:\"\necho \"searching ${SRCROOT} for ${TAGS}\"\nfind \"${SRCROOT}\" \\( -name \"*.swift\" \\) -print0 | xargs -0 egrep --with-filename --line-number --only-matching \"($TAGS).*\\$\" | perl -p -e \"s/($TAGS)/ warning: \\$1/\"\n";
		};
		7CCB02B7F30ACFA42E9B1273 /* [CP] Check Pods Manifest.lock */ = {
			isa = PBXShellScriptBuildPhase;
			buildActionMask = 2147483647;
			files = (
			);
			inputPaths = (
				"${PODS_PODFILE_DIR_PATH}/Podfile.lock",
				"${PODS_ROOT}/Manifest.lock",
			);
			name = "[CP] Check Pods Manifest.lock";
			outputPaths = (
				"$(DERIVED_FILE_DIR)/Pods-DengunTestTask-checkManifestLockResult.txt",
			);
			runOnlyForDeploymentPostprocessing = 0;
			shellPath = /bin/sh;
			shellScript = "diff \"${PODS_PODFILE_DIR_PATH}/Podfile.lock\" \"${PODS_ROOT}/Manifest.lock\" > /dev/null\nif [ $? != 0 ] ; then\n    # print error to STDERR\n    echo \"error: The sandbox is not in sync with the Podfile.lock. Run 'pod install' or update your CocoaPods installation.\" >&2\n    exit 1\nfi\n# This output is used by Xcode 'outputs' to avoid re-running this script phase.\necho \"SUCCESS\" > \"${SCRIPT_OUTPUT_FILE_0}\"\n";
			showEnvVarsInLog = 0;
		};
		B1E62DC31F567493ACD304FB /* [CP] Embed Pods Frameworks */ = {
			isa = PBXShellScriptBuildPhase;
			buildActionMask = 2147483647;
			files = (
			);
			inputPaths = (
				"${SRCROOT}/Pods/Target Support Files/Pods-DengunTestTask/Pods-DengunTestTask-frameworks.sh",
				"${BUILT_PRODUCTS_DIR}/RxCocoa/RxCocoa.framework",
				"${BUILT_PRODUCTS_DIR}/RxSwift/RxSwift.framework",
				"${BUILT_PRODUCTS_DIR}/SnapKit/SnapKit.framework",
			);
			name = "[CP] Embed Pods Frameworks";
			outputPaths = (
				"${TARGET_BUILD_DIR}/${FRAMEWORKS_FOLDER_PATH}/RxCocoa.framework",
				"${TARGET_BUILD_DIR}/${FRAMEWORKS_FOLDER_PATH}/RxSwift.framework",
				"${TARGET_BUILD_DIR}/${FRAMEWORKS_FOLDER_PATH}/SnapKit.framework",
			);
			runOnlyForDeploymentPostprocessing = 0;
			shellPath = /bin/sh;
			shellScript = "\"${SRCROOT}/Pods/Target Support Files/Pods-DengunTestTask/Pods-DengunTestTask-frameworks.sh\"\n";
			showEnvVarsInLog = 0;
		};
/* End PBXShellScriptBuildPhase section */

/* Begin PBXSourcesBuildPhase section */
		028E9DD320A1F417007C244C /* Sources */ = {
			isa = PBXSourcesBuildPhase;
			buildActionMask = 2147483647;
			files = (
				0288D06220A4817900110B48 /* TabIndicatorView.swift in Sources */,
				0288D05320A4694400110B48 /* AppCoordinator.swift in Sources */,
				0288D05920A46FBC00110B48 /* OtherUser.swift in Sources */,
				028E9DDD20A1F417007C244C /* UserHomeController.swift in Sources */,
				0288D05B20A4774E00110B48 /* SearchQueryUser.swift in Sources */,
				0288D05720A46DC400110B48 /* CurrentUser.swift in Sources */,
				028E9DDB20A1F417007C244C /* AppDelegate.swift in Sources */,
				0288D05020A468FC00110B48 /* Coordinator.swift in Sources */,
				0288D05520A46B2700110B48 /* UserHomeControllerViewModel.swift in Sources */,
			);
			runOnlyForDeploymentPostprocessing = 0;
		};
/* End PBXSourcesBuildPhase section */

/* Begin PBXVariantGroup section */
		028E9DE320A1F419007C244C /* LaunchScreen.storyboard */ = {
			isa = PBXVariantGroup;
			children = (
				028E9DE420A1F419007C244C /* Base */,
			);
			name = LaunchScreen.storyboard;
			sourceTree = "<group>";
		};
/* End PBXVariantGroup section */

/* Begin XCBuildConfiguration section */
		028E9DE720A1F419007C244C /* Debug */ = {
			isa = XCBuildConfiguration;
			buildSettings = {
				ALWAYS_SEARCH_USER_PATHS = NO;
				CLANG_ANALYZER_NONNULL = YES;
				CLANG_ANALYZER_NUMBER_OBJECT_CONVERSION = YES_AGGRESSIVE;
				CLANG_CXX_LANGUAGE_STANDARD = "gnu++14";
				CLANG_CXX_LIBRARY = "libc++";
				CLANG_ENABLE_MODULES = YES;
				CLANG_ENABLE_OBJC_ARC = YES;
				CLANG_ENABLE_OBJC_WEAK = YES;
				CLANG_WARN_BLOCK_CAPTURE_AUTORELEASING = YES;
				CLANG_WARN_BOOL_CONVERSION = YES;
				CLANG_WARN_COMMA = YES;
				CLANG_WARN_CONSTANT_CONVERSION = YES;
				CLANG_WARN_DEPRECATED_OBJC_IMPLEMENTATIONS = YES;
				CLANG_WARN_DIRECT_OBJC_ISA_USAGE = YES_ERROR;
				CLANG_WARN_DOCUMENTATION_COMMENTS = YES;
				CLANG_WARN_EMPTY_BODY = YES;
				CLANG_WARN_ENUM_CONVERSION = YES;
				CLANG_WARN_INFINITE_RECURSION = YES;
				CLANG_WARN_INT_CONVERSION = YES;
				CLANG_WARN_NON_LITERAL_NULL_CONVERSION = YES;
				CLANG_WARN_OBJC_IMPLICIT_RETAIN_SELF = YES;
				CLANG_WARN_OBJC_LITERAL_CONVERSION = YES;
				CLANG_WARN_OBJC_ROOT_CLASS = YES_ERROR;
				CLANG_WARN_RANGE_LOOP_ANALYSIS = YES;
				CLANG_WARN_STRICT_PROTOTYPES = YES;
				CLANG_WARN_SUSPICIOUS_MOVE = YES;
				CLANG_WARN_UNGUARDED_AVAILABILITY = YES_AGGRESSIVE;
				CLANG_WARN_UNREACHABLE_CODE = YES;
				CLANG_WARN__DUPLICATE_METHOD_MATCH = YES;
				CODE_SIGN_IDENTITY = "iPhone Developer";
				COPY_PHASE_STRIP = NO;
				DEBUG_INFORMATION_FORMAT = dwarf;
				ENABLE_STRICT_OBJC_MSGSEND = YES;
				ENABLE_TESTABILITY = YES;
				GCC_C_LANGUAGE_STANDARD = gnu11;
				GCC_DYNAMIC_NO_PIC = NO;
				GCC_NO_COMMON_BLOCKS = YES;
				GCC_OPTIMIZATION_LEVEL = 0;
				GCC_PREPROCESSOR_DEFINITIONS = (
					"DEBUG=1",
					"$(inherited)",
				);
				GCC_WARN_64_TO_32_BIT_CONVERSION = YES;
				GCC_WARN_ABOUT_RETURN_TYPE = YES_ERROR;
				GCC_WARN_UNDECLARED_SELECTOR = YES;
				GCC_WARN_UNINITIALIZED_AUTOS = YES_AGGRESSIVE;
				GCC_WARN_UNUSED_FUNCTION = YES;
				GCC_WARN_UNUSED_VARIABLE = YES;
				IPHONEOS_DEPLOYMENT_TARGET = 11.3;
				MTL_ENABLE_DEBUG_INFO = YES;
				ONLY_ACTIVE_ARCH = YES;
				SDKROOT = iphoneos;
				SWIFT_ACTIVE_COMPILATION_CONDITIONS = DEBUG;
				SWIFT_OPTIMIZATION_LEVEL = "-Onone";
			};
			name = Debug;
		};
		028E9DE820A1F419007C244C /* Release */ = {
			isa = XCBuildConfiguration;
			buildSettings = {
				ALWAYS_SEARCH_USER_PATHS = NO;
				CLANG_ANALYZER_NONNULL = YES;
				CLANG_ANALYZER_NUMBER_OBJECT_CONVERSION = YES_AGGRESSIVE;
				CLANG_CXX_LANGUAGE_STANDARD = "gnu++14";
				CLANG_CXX_LIBRARY = "libc++";
				CLANG_ENABLE_MODULES = YES;
				CLANG_ENABLE_OBJC_ARC = YES;
				CLANG_ENABLE_OBJC_WEAK = YES;
				CLANG_WARN_BLOCK_CAPTURE_AUTORELEASING = YES;
				CLANG_WARN_BOOL_CONVERSION = YES;
				CLANG_WARN_COMMA = YES;
				CLANG_WARN_CONSTANT_CONVERSION = YES;
				CLANG_WARN_DEPRECATED_OBJC_IMPLEMENTATIONS = YES;
				CLANG_WARN_DIRECT_OBJC_ISA_USAGE = YES_ERROR;
				CLANG_WARN_DOCUMENTATION_COMMENTS = YES;
				CLANG_WARN_EMPTY_BODY = YES;
				CLANG_WARN_ENUM_CONVERSION = YES;
				CLANG_WARN_INFINITE_RECURSION = YES;
				CLANG_WARN_INT_CONVERSION = YES;
				CLANG_WARN_NON_LITERAL_NULL_CONVERSION = YES;
				CLANG_WARN_OBJC_IMPLICIT_RETAIN_SELF = YES;
				CLANG_WARN_OBJC_LITERAL_CONVERSION = YES;
				CLANG_WARN_OBJC_ROOT_CLASS = YES_ERROR;
				CLANG_WARN_RANGE_LOOP_ANALYSIS = YES;
				CLANG_WARN_STRICT_PROTOTYPES = YES;
				CLANG_WARN_SUSPICIOUS_MOVE = YES;
				CLANG_WARN_UNGUARDED_AVAILABILITY = YES_AGGRESSIVE;
				CLANG_WARN_UNREACHABLE_CODE = YES;
				CLANG_WARN__DUPLICATE_METHOD_MATCH = YES;
				CODE_SIGN_IDENTITY = "iPhone Developer";
				COPY_PHASE_STRIP = NO;
				DEBUG_INFORMATION_FORMAT = "dwarf-with-dsym";
				ENABLE_NS_ASSERTIONS = NO;
				ENABLE_STRICT_OBJC_MSGSEND = YES;
				GCC_C_LANGUAGE_STANDARD = gnu11;
				GCC_NO_COMMON_BLOCKS = YES;
				GCC_WARN_64_TO_32_BIT_CONVERSION = YES;
				GCC_WARN_ABOUT_RETURN_TYPE = YES_ERROR;
				GCC_WARN_UNDECLARED_SELECTOR = YES;
				GCC_WARN_UNINITIALIZED_AUTOS = YES_AGGRESSIVE;
				GCC_WARN_UNUSED_FUNCTION = YES;
				GCC_WARN_UNUSED_VARIABLE = YES;
				IPHONEOS_DEPLOYMENT_TARGET = 11.3;
				MTL_ENABLE_DEBUG_INFO = NO;
				SDKROOT = iphoneos;
				SWIFT_COMPILATION_MODE = wholemodule;
				SWIFT_OPTIMIZATION_LEVEL = "-O";
				VALIDATE_PRODUCT = YES;
			};
			name = Release;
		};
		028E9DEA20A1F419007C244C /* Debug */ = {
			isa = XCBuildConfiguration;
			baseConfigurationReference = 9B389A6DFC6FD405A1CE4763 /* Pods-DengunTestTask.debug.xcconfig */;
			buildSettings = {
				ASSETCATALOG_COMPILER_APPICON_NAME = AppIcon;
				CODE_SIGN_STYLE = Automatic;
				DEVELOPMENT_TEAM = N35W696BYS;
				INFOPLIST_FILE = DengunTestTask/Info.plist;
				LD_RUNPATH_SEARCH_PATHS = (
					"$(inherited)",
					"@executable_path/Frameworks",
				);
				PRODUCT_BUNDLE_IDENTIFIER = svch.DengunTestTask;
				PRODUCT_NAME = "$(TARGET_NAME)";
				SWIFT_VERSION = 4.0;
				TARGETED_DEVICE_FAMILY = 1;
			};
			name = Debug;
		};
		028E9DEB20A1F419007C244C /* Release */ = {
			isa = XCBuildConfiguration;
			baseConfigurationReference = 3F114B4F123FBE86F5B49BA0 /* Pods-DengunTestTask.release.xcconfig */;
			buildSettings = {
				ASSETCATALOG_COMPILER_APPICON_NAME = AppIcon;
				CODE_SIGN_STYLE = Automatic;
				DEVELOPMENT_TEAM = N35W696BYS;
				INFOPLIST_FILE = DengunTestTask/Info.plist;
				LD_RUNPATH_SEARCH_PATHS = (
					"$(inherited)",
					"@executable_path/Frameworks",
				);
				PRODUCT_BUNDLE_IDENTIFIER = svch.DengunTestTask;
				PRODUCT_NAME = "$(TARGET_NAME)";
				SWIFT_VERSION = 4.0;
				TARGETED_DEVICE_FAMILY = 1;
			};
			name = Release;
		};
/* End XCBuildConfiguration section */

/* Begin XCConfigurationList section */
		028E9DD220A1F417007C244C /* Build configuration list for PBXProject "DengunTestTask" */ = {
			isa = XCConfigurationList;
			buildConfigurations = (
				028E9DE720A1F419007C244C /* Debug */,
				028E9DE820A1F419007C244C /* Release */,
			);
			defaultConfigurationIsVisible = 0;
			defaultConfigurationName = Release;
		};
		028E9DE920A1F419007C244C /* Build configuration list for PBXNativeTarget "DengunTestTask" */ = {
			isa = XCConfigurationList;
			buildConfigurations = (
				028E9DEA20A1F419007C244C /* Debug */,
				028E9DEB20A1F419007C244C /* Release */,
			);
			defaultConfigurationIsVisible = 0;
			defaultConfigurationName = Release;
		};
/* End XCConfigurationList section */
	};
	rootObject = 028E9DCF20A1F417007C244C /* Project object */;
}
